
Microsoft Visual Studio Solution File, Format Version 12.00
# Visual Studio Version 17
VisualStudioVersion = 17.9.34622.214
MinimumVisualStudioVersion = 10.0.40219.1
Project("{FAE04EC0-301F-11D3-BF4B-00C04F79EFBC}") = "demo2ex", "demo2ex\demo2ex.csproj", "{81669CDD-CA47-4D3C-8827-060E1DA763DD}"
EndProject
Global
	GlobalSection(SolutionConfigurationPlatforms) = preSolution
		Debug|Any CPU = Debug|Any CPU
		Release|Any CPU = Release|Any CPU
	EndGlobalSection
	GlobalSection(ProjectConfigurationPlatforms) = postSolution
		{81669CDD-CA47-4D3C-8827-060E1DA763DD}.Debug|Any CPU.ActiveCfg = Debug|Any CPU
		{81669CDD-CA47-4D3C-8827-060E1DA763DD}.Debug|Any CPU.Build.0 = Debug|Any CPU
		{81669CDD-CA47-4D3C-8827-060E1DA763DD}.Release|Any CPU.ActiveCfg = Release|Any CPU
		{81669CDD-CA47-4D3C-8827-060E1DA763DD}.Release|Any CPU.Build.0 = Release|Any CPU
	EndGlobalSection
	GlobalSection(SolutionProperties) = preSolution
		HideSolutionNode = FALSE
	EndGlobalSection
	GlobalSection(ExtensibilityGlobals) = postSolution
		SolutionGuid = {E09870C3-F1C2-4A42-8B4A-26933C20B145}
	EndGlobalSection
EndGlobal
